# This file was autogenerated by uv via the following command:
#    uv pip compile requirements.in --python-version 3.11 --python-platform x86_64-manylinux_2_31 --output-file requirements.lock
-e ./evalplus
    # via -r requirements.in
-e ./open-unlearning
    # via -r requirements.in
absl-py==2.5.0
    # via
    #   rouge-score
    #   tensorboard
accelerate==0.34.2
    # via
    #   open-unlearning
    #   peft
aiohappyeyeballs==2.7.1
    # via aiohttp
aiohttp==3.14.3
    # via
    #   datasets
    #   fsspec
aiosignal==1.4.0
    # via aiohttp
annotated-doc==0.0.5
    # via typer
annotated-types==0.8.0
    # via pydantic
anthropic==1.2.0
    # via evalplus
antlr4-python3-runtime==4.9.3
    # via
    #   hydra-core
    #   omegaconf
anyio==4.14.2
    # via
    #   anthropic
    #   httpx
    #   httpx2
    #   openai
appdirs==1.4.4
    # via evalplus
arrow==1.4.0
    # via codecarbon
attrs==26.1.0
    # via
    #   aiohttp
    #   jsonlines
bitsandbytes==0.46.0
    # via open-unlearning
boto3==1.43.83
    # via evalplus
botocore==1.43.83
    # via
    #   boto3
    #   s3transfer
certifi==2026.7.22
    # via
    #   httpcore
    #   httpx
    #   requests
    #   sentry-sdk
cffi==2.1.1
    # via cryptography
chardet==6.0.0.post1
    # via mbstrdecoder
charset-normalizer==3.5.1
    # via requests
click==8.5.0
    # via
    #   codecarbon
    #   nltk
    #   wandb
codecarbon==2.8.4
    # via open-unlearning
colorama==0.4.6
    # via sacrebleu
colorlog==6.12.0
    # via hydra-colorlog
cryptography==50.0.1
    # via
    #   google-auth
    #   jwcrypto
dataproperty==1.1.1
    # via
    #   pytablewriter
    #   tabledata
datasets==3.0.1
    # via
    #   -r ./UnlearningEvaluation/requirements.txt
    #   evalplus
    #   evaluate
    #   lm-eval
    #   open-unlearning
deepspeed==0.15.4
    # via open-unlearning
defusedxml==0.7.1
    # via nltk
dill==0.3.8
    # via
    #   datasets
    #   evaluate
    #   lm-eval
    #   multiprocess
docstring-parser==0.18.0
    # via anthropic
evaluate==0.4.6
    # via lm-eval
fief-client==0.20.0
    # via codecarbon
filelock==3.32.4
    # via
    #   datasets
    #   huggingface-hub
    #   torch
    #   transformers
    #   triton
fire==0.7.1
    # via evalplus
frozenlist==1.8.0
    # via
    #   aiohttp
    #   aiosignal
fsspec==2024.6.1
    # via
    #   datasets
    #   evaluate
    #   huggingface-hub
    #   torch
gitdb==4.0.12
    # via gitpython
gitpython==3.1.61
    # via wandb
google-ai-generativelanguage==0.6.15
    # via google-generativeai
google-api-core==2.33.0
    # via
    #   google-ai-generativelanguage
    #   google-api-python-client
    #   google-generativeai
google-api-python-client==2.199.0
    # via google-generativeai
google-auth==2.57.0
    # via
    #   google-ai-generativelanguage
    #   google-api-core
    #   google-api-python-client
    #   google-auth-httplib2
    #   google-generativeai
google-auth-httplib2==0.4.2
    # via google-api-python-client
google-generativeai==0.8.6
    # via evalplus
googleapis-common-protos==1.75.0
    # via
    #   google-api-core
    #   grpcio-status
grpcio==1.83.1
    # via
    #   google-api-core
    #   grpcio-status
    #   tensorboard
grpcio-status==1.71.2
    # via google-api-core
h11==0.16.0
    # via
    #   httpcore
    #   httpcore2
hf-xet==1.2.0
    # via
    #   huggingface-hub
    #   open-unlearning
hjson==3.1.0
    # via deepspeed
httpcore==1.0.9
    # via httpx
httpcore2==2.12.0
    # via httpx2
httplib2==0.32.0
    # via
    #   google-api-python-client
    #   google-auth-httplib2
httpx==0.27.2
    # via
    #   fief-client
    #   ollama
httpx2==2.12.0
    # via
    #   anthropic
    #   openai
huggingface-hub==0.36.0
    # via
    #   accelerate
    #   datasets
    #   evaluate
    #   open-unlearning
    #   peft
    #   tokenizers
    #   transformers
hydra-colorlog==1.2.0
    # via open-unlearning
hydra-core==1.3.0
    # via
    #   hydra-colorlog
    #   open-unlearning
idna==3.19
    # via
    #   anyio
    #   httpx
    #   httpx2
    #   requests
    #   yarl
iniconfig==2.3.0
    # via pytest
jinja2==3.1.6
    # via
    #   lm-eval
    #   torch
jiter==0.16.0
    # via
    #   anthropic
    #   openai
jmespath==1.1.0
    # via
    #   boto3
    #   botocore
joblib==1.5.3
    # via
    #   nltk
    #   scikit-learn
jsonlines==4.0.0
    # via lm-eval
jwcrypto==1.5.9
    # via fief-client
lm-eval==0.4.11
    # via open-unlearning
lxml==6.1.2
    # via sacrebleu
markdown==3.10.3
    # via tensorboard
markdown-it-py==4.2.0
    # via rich
markupsafe==3.0.3
    # via
    #   jinja2
    #   werkzeug
mbstrdecoder==1.1.5
    # via
    #   dataproperty
    #   pytablewriter
    #   typepy
mdurl==0.1.2
    # via markdown-it-py
more-itertools==11.1.0
    # via lm-eval
mpmath==1.3.0
    # via sympy
msgpack==1.2.2
    # via deepspeed
multidict==6.7.1
    # via
    #   aiohttp
    #   yarl
multipledispatch==1.0.0
    # via evalplus
multiprocess==0.70.16
    # via
    #   datasets
    #   evaluate
networkx==3.6.1
    # via torch
ninja==1.13.2
    # via deepspeed
nltk==3.10.3
    # via rouge-score
numpy==2.2.3
    # via
    #   accelerate
    #   bitsandbytes
    #   datasets
    #   deepspeed
    #   evalplus
    #   evaluate
    #   lm-eval
    #   open-unlearning
    #   pandas
    #   peft
    #   rouge-score
    #   sacrebleu
    #   scikit-learn
    #   scipy
    #   tensorboard
    #   transformers
nvidia-cublas-cu12==12.1.3.1
    # via
    #   nvidia-cudnn-cu12
    #   nvidia-cusolver-cu12
    #   torch
nvidia-cuda-cupti-cu12==12.1.105
    # via torch
nvidia-cuda-nvrtc-cu12==12.1.105
    # via torch
nvidia-cuda-runtime-cu12==12.1.105
    # via torch
nvidia-cudnn-cu12==9.1.0.70
    # via torch
nvidia-cufft-cu12==11.0.2.54
    # via torch
nvidia-curand-cu12==10.3.2.106
    # via torch
nvidia-cusolver-cu12==11.4.5.107
    # via torch
nvidia-cusparse-cu12==12.1.0.106
    # via
    #   nvidia-cusolver-cu12
    #   torch
nvidia-ml-py==13.610.43
    # via pynvml
nvidia-nccl-cu12==2.20.5
    # via torch
nvidia-nvjitlink-cu12==12.9.86
    # via
    #   nvidia-cusolver-cu12
    #   nvidia-cusparse-cu12
nvidia-nvtx-cu12==12.1.105
    # via torch
ollama==0.6.2
    # via evalplus
omegaconf==2.3.1
    # via hydra-core
openai==3.6.0
    # via evalplus
packaging==26.3
    # via
    #   accelerate
    #   datasets
    #   deepspeed
    #   evaluate
    #   huggingface-hub
    #   hydra-core
    #   peft
    #   pytest
    #   tensorboard
    #   transformers
    #   typepy
    #   wandb
pandas==3.0.5
    # via
    #   codecarbon
    #   datasets
    #   evaluate
pathvalidate==3.3.1
    # via pytablewriter
peft==0.15.2
    # via
    #   -r ./UnlearningEvaluation/requirements.txt
    #   evalplus
    #   open-unlearning
platformdirs==4.11.5
    # via wandb
pluggy==1.6.0
    # via pytest
portalocker==4.3.0
    # via sacrebleu
prometheus-client==0.26.0
    # via codecarbon
prompt-toolkit==3.0.53
    # via questionary
propcache==0.5.2
    # via
    #   aiohttp
    #   yarl
proto-plus==1.28.2
    # via
    #   google-ai-generativelanguage
    #   google-api-core
protobuf==5.29.6
    # via
    #   google-ai-generativelanguage
    #   google-api-core
    #   google-generativeai
    #   googleapis-common-protos
    #   grpcio-status
    #   proto-plus
    #   tensorboard
    #   wandb
psutil==7.2.2
    # via
    #   accelerate
    #   codecarbon
    #   deepspeed
    #   evalplus
    #   peft
py-cpuinfo==9.0.0
    # via
    #   codecarbon
    #   deepspeed
pyarrow==25.0.1
    # via datasets
pyasn1==0.6.4
    # via pyasn1-modules
pyasn1-modules==0.4.2
    # via google-auth
pycparser==3.0
    # via cffi
pydantic==2.13.5
    # via
    #   anthropic
    #   deepspeed
    #   google-generativeai
    #   ollama
    #   openai
    #   wandb
pydantic-core==2.46.5
    # via pydantic
pygments==2.21.0
    # via rich
pynvml==13.0.1
    # via codecarbon
pyparsing==3.3.2
    # via httplib2
pytablewriter==1.2.1
    # via lm-eval
pytest==8.3.5
    # via -r requirements.in
python-dateutil==2.9.0.post0
    # via
    #   arrow
    #   botocore
    #   pandas
    #   typepy
pytz==2026.3.post1
    # via typepy
pyyaml==6.0.3
    # via
    #   -r ./UnlearningEvaluation/requirements.txt
    #   accelerate
    #   datasets
    #   huggingface-hub
    #   omegaconf
    #   peft
    #   transformers
    #   wandb
questionary==2.1.1
    # via codecarbon
rapidfuzz==3.14.5
    # via codecarbon
regex==2026.7.19
    # via
    #   nltk
    #   sacrebleu
    #   transformers
requests==2.34.2
    # via
    #   codecarbon
    #   datasets
    #   evaluate
    #   google-api-core
    #   huggingface-hub
    #   transformers
    #   wandb
rich==15.0.0
    # via
    #   codecarbon
    #   evalplus
    #   typer
rouge-score==0.1.2
    # via
    #   lm-eval
    #   open-unlearning
s3transfer==0.19.2
    # via boto3
sacrebleu==2.6.0
    # via
    #   -r ./UnlearningEvaluation/requirements.txt
    #   lm-eval
safetensors==0.8.0
    # via
    #   accelerate
    #   peft
    #   transformers
scikit-learn==1.5.2
    # via
    #   lm-eval
    #   open-unlearning
scipy==1.14.1
    # via
    #   open-unlearning
    #   scikit-learn
sentry-sdk==2.68.1
    # via wandb
setuptools==84.0.0
    # via
    #   pytablewriter
    #   tensorboard
shellingham==1.5.4
    # via typer
six==1.17.0
    # via
    #   python-dateutil
    #   rouge-score
    #   tensorboard
smmap==5.0.3
    # via gitdb
sniffio==1.3.1
    # via
    #   anthropic
    #   httpx
    #   openai
sqlitedict==2.1.0
    # via lm-eval
sympy==1.14.0
    # via torch
tabledata==1.3.5
    # via pytablewriter
tabulate==0.10.0
    # via sacrebleu
tcolorpy==0.1.7
    # via pytablewriter
tempdir==0.7.1
    # via evalplus
tensorboard==2.18.0
    # via open-unlearning
tensorboard-data-server==0.7.2
    # via tensorboard
termcolor==3.3.0
    # via
    #   evalplus
    #   fire
    #   yaspin
threadpoolctl==3.6.0
    # via scikit-learn
tokenizers==0.21.4
    # via transformers
torch==2.4.1
    # via
    #   -r ./UnlearningEvaluation/requirements.txt
    #   accelerate
    #   bitsandbytes
    #   deepspeed
    #   open-unlearning
    #   peft
tqdm==4.70.0
    # via
    #   -r ./UnlearningEvaluation/requirements.txt
    #   datasets
    #   deepspeed
    #   evalplus
    #   evaluate
    #   google-generativeai
    #   huggingface-hub
    #   nltk
    #   peft
    #   transformers
transformers==4.51.3
    # via
    #   -r ./UnlearningEvaluation/requirements.txt
    #   evalplus
    #   open-unlearning
    #   peft
tree-sitter==0.26.0
    # via evalplus
tree-sitter-python==0.25.0
    # via evalplus
triton==3.0.0
    # via torch
truststore==0.10.4
    # via
    #   httpcore2
    #   httpx2
typepy==1.3.5
    # via
    #   dataproperty
    #   pytablewriter
    #   tabledata
typer==0.27.2
    # via codecarbon
typing-extensions==4.16.0
    # via
    #   aiohttp
    #   aiosignal
    #   anthropic
    #   anyio
    #   google-generativeai
    #   grpcio
    #   httpx2
    #   huggingface-hub
    #   jwcrypto
    #   lm-eval
    #   openai
    #   pydantic
    #   pydantic-core
    #   torch
    #   typing-inspection
    #   wandb
typing-inspection==0.4.4
    # via pydantic
tzdata==2026.3
    # via arrow
uritemplate==4.2.0
    # via google-api-python-client
urllib3==2.7.0
    # via
    #   botocore
    #   requests
    #   sentry-sdk
wandb==0.21.4
    # via open-unlearning
wcwidth==0.8.3
    # via prompt-toolkit
werkzeug==3.1.8
    # via tensorboard
wget==3.2
    # via evalplus
word2number==1.1
    # via lm-eval
xxhash==4.0.1
    # via
    #   datasets
    #   evaluate
yarl==1.24.5
    # via aiohttp
yaspin==3.4.0
    # via fief-client
zstandard==0.25.0
    # via lm-eval
